# SNAPSHOT.lock — last known-good library state for context-site-build
#
# Updated by:
#   skill-author Stage 4 (per atom)
#   family-bootstrap Stage 6 (per family)
#   skill-refactor Stage 4
#   skill-retire Stage 4
#   ../context-meta-pipeline/scripts/rollback-skill.py
#
# DO NOT edit by hand except during bootstrap.
#
# Health states: fresh | healthy | flagged | unhealthy | rolled-back | retired

snapshot_version: "0.5.0"
generated: "2026-05-08"
plugin: "context-site-build"

skills:
  # site-build family — per-family router
  site-build:
    version: "0.1.2"
    archetype: router
    path: "skills/site-build/SKILL.md"
    health: "healthy"

  # Tier 1 atoms (authored v0.1.0; current v0.1.1 after self-review pass)
  vision-author:
    version: "0.1.1"
    archetype: atom
    path: "skills/vision-author/SKILL.md"
    health: "healthy"
  persona-author:
    version: "0.1.1"
    archetype: atom
    path: "skills/persona-author/SKILL.md"
    health: "healthy"
  srs-author:
    version: "0.1.1"
    archetype: atom
    path: "skills/srs-author/SKILL.md"
    health: "healthy"
  adr-author:
    version: "0.1.1"
    archetype: atom
    path: "skills/adr-author/SKILL.md"
    health: "healthy"
  runbook-author:
    version: "0.1.1"
    archetype: atom
    path: "skills/runbook-author/SKILL.md"
    health: "healthy"
  baseline-report-author:
    version: "0.1.1"
    archetype: atom
    path: "skills/baseline-report-author/SKILL.md"
    health: "healthy"

  # Tier 2 atoms (authored v0.2.0)
  kpi-author:
    version: "0.1.0"
    archetype: atom
    path: "skills/kpi-author/SKILL.md"
    health: "healthy"
  risk-register-author:
    version: "0.1.0"
    archetype: atom
    path: "skills/risk-register-author/SKILL.md"
    health: "healthy"
  threat-model-author:
    version: "0.1.0"
    archetype: atom
    path: "skills/threat-model-author/SKILL.md"
    health: "healthy"
  privacy-plan-author:
    version: "0.1.0"
    archetype: atom
    path: "skills/privacy-plan-author/SKILL.md"
    health: "healthy"
  master-schedule-author:
    version: "0.1.0"
    archetype: atom
    path: "skills/master-schedule-author/SKILL.md"
    health: "healthy"

  # Tier 3 atoms (authored v0.2.0)
  ost-author:
    version: "0.1.0"
    archetype: atom
    path: "skills/ost-author/SKILL.md"
    health: "healthy"
  stakeholder-map-author:
    version: "0.1.0"
    archetype: atom
    path: "skills/stakeholder-map-author/SKILL.md"
    health: "healthy"
  design-philosophy-author:
    version: "0.1.0"
    archetype: atom
    path: "skills/design-philosophy-author/SKILL.md"
    health: "healthy"
  weekly-metric-report-author:
    version: "0.1.0"
    archetype: atom
    path: "skills/weekly-metric-report-author/SKILL.md"
    health: "healthy"
  change-request-author:
    version: "0.1.0"
    archetype: atom
    path: "skills/change-request-author/SKILL.md"
    health: "healthy"

  # site-design family — per-family router (authored v0.3.0)
  site-design:
    version: "0.1.0"
    archetype: router
    path: "skills/site-design/SKILL.md"
    health: "healthy"

  # site-design Tier 1 atoms (authored v0.3.0)
  mood-board-author:
    version: "0.1.0"
    archetype: atom
    path: "skills/mood-board-author/SKILL.md"
    health: "healthy"
  art-direction-author:
    version: "0.1.0"
    archetype: atom
    path: "skills/art-direction-author/SKILL.md"
    health: "healthy"
  concept-author:
    version: "0.1.0"
    archetype: atom
    path: "skills/concept-author/SKILL.md"
    health: "healthy"
  motion-language-author:
    version: "0.1.0"
    archetype: atom
    path: "skills/motion-language-author/SKILL.md"
    health: "healthy"
  design-tokens-author:
    version: "0.1.0"
    archetype: atom
    path: "skills/design-tokens-author/SKILL.md"
    health: "healthy"
  component-states-matrix-author:
    version: "0.1.0"
    archetype: atom
    path: "skills/component-states-matrix-author/SKILL.md"
    health: "healthy"
  engineering-handoff-spec-author:
    version: "0.1.0"
    archetype: atom
    path: "skills/engineering-handoff-spec-author/SKILL.md"
    health: "healthy"

  # site-design Tier 2 atoms (authored v0.3.0)
  concept-prototyping-author:
    version: "0.1.0"
    archetype: atom
    path: "skills/concept-prototyping-author/SKILL.md"
    health: "healthy"
  wireframe-author:
    version: "0.1.0"
    archetype: atom
    path: "skills/wireframe-author/SKILL.md"
    health: "healthy"
  prototype-author:
    version: "0.1.0"
    archetype: atom
    path: "skills/prototype-author/SKILL.md"
    health: "healthy"
  usability-synthesis-author:
    version: "0.1.0"
    archetype: atom
    path: "skills/usability-synthesis-author/SKILL.md"
    health: "healthy"
  a11y-annotations-author:
    version: "0.1.0"
    archetype: atom
    path: "skills/a11y-annotations-author/SKILL.md"
    health: "healthy"

  # site-design Tier 3 atoms (authored v0.3.0)
  design-system-author:
    version: "0.1.0"
    archetype: atom
    path: "skills/design-system-author/SKILL.md"
    health: "healthy"
  discovery-tick-author:
    version: "0.1.0"
    archetype: atom
    path: "skills/discovery-tick-author/SKILL.md"
    health: "healthy"

  # site-operate family — per-family router (authored v0.4.0)
  site-operate:
    version: "0.1.0"
    archetype: router
    path: "skills/site-operate/SKILL.md"
    health: "healthy"

  # site-operate Tier 1 atoms (authored v0.4.0)
  stabilization-report-author:
    version: "0.1.0"
    archetype: atom
    path: "skills/stabilization-report-author/SKILL.md"
    health: "healthy"
  hypercare-digest-author:
    version: "0.1.0"
    archetype: atom
    path: "skills/hypercare-digest-author/SKILL.md"
    health: "healthy"
  launch-comms-author:
    version: "0.1.0"
    archetype: atom
    path: "skills/launch-comms-author/SKILL.md"
    health: "healthy"
  conformance-statement-author:
    version: "0.1.0"
    archetype: atom
    path: "skills/conformance-statement-author/SKILL.md"
    health: "healthy"
  optimization-backlog-author:
    version: "0.1.0"
    archetype: atom
    path: "skills/optimization-backlog-author/SKILL.md"
    health: "healthy"
  optimization-loop-author:
    version: "0.1.0"
    archetype: atom
    path: "skills/optimization-loop-author/SKILL.md"
    health: "healthy"
  polish-discipline-author:
    version: "0.1.0"
    archetype: atom
    path: "skills/polish-discipline-author/SKILL.md"
    health: "healthy"

  # site-operate Tier 2 atoms (authored v0.4.0)
  monthly-stakeholder-report-author:
    version: "0.1.0"
    archetype: atom
    path: "skills/monthly-stakeholder-report-author/SKILL.md"
    health: "healthy"
  quarterly-business-review-author:
    version: "0.1.0"
    archetype: atom
    path: "skills/quarterly-business-review-author/SKILL.md"
    health: "healthy"
  win-regression-report-author:
    version: "0.1.0"
    archetype: atom
    path: "skills/win-regression-report-author/SKILL.md"
    health: "healthy"
  diagnostic-sweep-author:
    version: "0.1.0"
    archetype: atom
    path: "skills/diagnostic-sweep-author/SKILL.md"
    health: "healthy"
  aeo-baseline-author:
    version: "0.1.0"
    archetype: atom
    path: "skills/aeo-baseline-author/SKILL.md"
    health: "healthy"

  # site-operate Tier 3 atoms (authored v0.4.0)
  annual-retrospective-author:
    version: "0.1.0"
    archetype: atom
    path: "skills/annual-retrospective-author/SKILL.md"
    health: "healthy"
  awards-submission-author:
    version: "0.1.0"
    archetype: atom
    path: "skills/awards-submission-author/SKILL.md"
    health: "healthy"

  # ============================================================
  # v0.5.0 — Phase 4 stack-specific policy overlays (21)
  # ============================================================
  # Authored as the maximalist Phase 4 build per
  # docs/ARCHITECTURE-OPTIONS-v0.2.md. All 21 are ahead-of-trigger
  # (per A56 discipline note in coverage.md "v0.5.0–v1.0.0 Ahead-
  # of-Trigger Note"). User explicitly approved maximalist scope
  # 2026-05-08.

  # ----- Combo A "React-cinematic" (Next.js × 3) -----
  house-site-build-nextjs:
    version: "0.1.0"
    archetype: policy
    path: "skills/house-site-build-nextjs/SKILL.md"
    health: "fresh"
    depends_on:
      - srs-author@0.1.1
      - adr-author@0.1.1
      - master-schedule-author@0.1.0
      - runbook-author@0.1.1
      - threat-model-author@0.1.0
  house-site-design-nextjs:
    version: "0.1.0"
    archetype: policy
    path: "skills/house-site-design-nextjs/SKILL.md"
    health: "fresh"
    depends_on:
      - design-tokens-author@0.1.0
      - design-system-author@0.1.0
      - motion-language-author@0.1.0
      - engineering-handoff-spec-author@0.1.0
      - component-states-matrix-author@0.1.0
  house-site-operate-nextjs:
    version: "0.1.0"
    archetype: policy
    path: "skills/house-site-operate-nextjs/SKILL.md"
    health: "fresh"
    depends_on:
      - runbook-author@0.1.1
      - launch-comms-author@0.1.0
      - optimization-loop-author@0.1.0
      - optimization-backlog-author@0.1.0
      - conformance-statement-author@0.1.0

  # ----- Combo B "Vue/Nuxt-cinematic" (Nuxt × 3) -----
  house-site-build-nuxt:
    version: "0.1.0"
    archetype: policy
    path: "skills/house-site-build-nuxt/SKILL.md"
    health: "fresh"
    depends_on:
      - srs-author@0.1.1
      - adr-author@0.1.1
      - master-schedule-author@0.1.0
      - runbook-author@0.1.1
      - threat-model-author@0.1.0
  house-site-design-nuxt:
    version: "0.1.0"
    archetype: policy
    path: "skills/house-site-design-nuxt/SKILL.md"
    health: "fresh"
    depends_on:
      - design-tokens-author@0.1.0
      - design-system-author@0.1.0
      - motion-language-author@0.1.0
      - engineering-handoff-spec-author@0.1.0
      - component-states-matrix-author@0.1.0
  house-site-operate-nuxt:
    version: "0.1.0"
    archetype: policy
    path: "skills/house-site-operate-nuxt/SKILL.md"
    health: "fresh"
    depends_on:
      - runbook-author@0.1.1
      - launch-comms-author@0.1.0
      - optimization-loop-author@0.1.0
      - optimization-backlog-author@0.1.0
      - conformance-statement-author@0.1.0

  # ----- Combo C "Astro-static-with-WebGL-islands" (Astro × 3) -----
  house-site-build-astro:
    version: "0.1.0"
    archetype: policy
    path: "skills/house-site-build-astro/SKILL.md"
    health: "fresh"
    depends_on:
      - srs-author@0.1.1
      - adr-author@0.1.1
      - master-schedule-author@0.1.0
      - runbook-author@0.1.1
      - threat-model-author@0.1.0
  house-site-design-astro:
    version: "0.1.0"
    archetype: policy
    path: "skills/house-site-design-astro/SKILL.md"
    health: "fresh"
    depends_on:
      - design-tokens-author@0.1.0
      - design-system-author@0.1.0
      - motion-language-author@0.1.0
      - engineering-handoff-spec-author@0.1.0
      - component-states-matrix-author@0.1.0
  house-site-operate-astro:
    version: "0.1.0"
    archetype: policy
    path: "skills/house-site-operate-astro/SKILL.md"
    health: "fresh"
    depends_on:
      - runbook-author@0.1.1
      - launch-comms-author@0.1.0
      - optimization-loop-author@0.1.0
      - optimization-backlog-author@0.1.0
      - conformance-statement-author@0.1.0

  # ----- Combo D "Svelte/SvelteKit, performance-pure" (SvelteKit × 3) -----
  house-site-build-sveltekit:
    version: "0.1.0"
    archetype: policy
    path: "skills/house-site-build-sveltekit/SKILL.md"
    health: "fresh"
    depends_on:
      - srs-author@0.1.1
      - adr-author@0.1.1
      - master-schedule-author@0.1.0
      - runbook-author@0.1.1
      - threat-model-author@0.1.0
  house-site-design-sveltekit:
    version: "0.1.0"
    archetype: policy
    path: "skills/house-site-design-sveltekit/SKILL.md"
    health: "fresh"
    depends_on:
      - design-tokens-author@0.1.0
      - design-system-author@0.1.0
      - motion-language-author@0.1.0
      - engineering-handoff-spec-author@0.1.0
      - component-states-matrix-author@0.1.0
  house-site-operate-sveltekit:
    version: "0.1.0"
    archetype: policy
    path: "skills/house-site-operate-sveltekit/SKILL.md"
    health: "fresh"
    depends_on:
      - runbook-author@0.1.1
      - launch-comms-author@0.1.0
      - optimization-loop-author@0.1.0
      - optimization-backlog-author@0.1.0
      - conformance-statement-author@0.1.0

  # ----- Webflow visual-editor combo (Webflow × 3) -----
  house-site-build-webflow:
    version: "0.1.0"
    archetype: policy
    path: "skills/house-site-build-webflow/SKILL.md"
    health: "fresh"
    depends_on:
      - srs-author@0.1.1
      - adr-author@0.1.1
      - master-schedule-author@0.1.0
      - runbook-author@0.1.1
      - threat-model-author@0.1.0
  house-site-design-webflow:
    version: "0.1.0"
    archetype: policy
    path: "skills/house-site-design-webflow/SKILL.md"
    health: "fresh"
    depends_on:
      - design-tokens-author@0.1.0
      - design-system-author@0.1.0
      - motion-language-author@0.1.0
      - engineering-handoff-spec-author@0.1.0
      - component-states-matrix-author@0.1.0
  house-site-operate-webflow:
    version: "0.1.0"
    archetype: policy
    path: "skills/house-site-operate-webflow/SKILL.md"
    health: "fresh"
    depends_on:
      - runbook-author@0.1.1
      - launch-comms-author@0.1.0
      - optimization-loop-author@0.1.0
      - optimization-backlog-author@0.1.0
      - conformance-statement-author@0.1.0

  # ----- Cross-stack overlays (motion + a11y) -----
  house-site-design-motion:
    version: "0.1.0"
    archetype: policy
    path: "skills/house-site-design-motion/SKILL.md"
    health: "fresh"
    depends_on:
      - motion-language-author@0.1.0
      - design-tokens-author@0.1.0
      - design-system-author@0.1.0
  house-site-design-a11y:
    version: "0.1.0"
    archetype: policy
    path: "skills/house-site-design-a11y/SKILL.md"
    health: "fresh"
    depends_on:
      - a11y-annotations-author@0.1.0
      - motion-language-author@0.1.0
      - component-states-matrix-author@0.1.0

  # ----- Design-tool overlay (Figma) -----
  house-site-design-figma:
    version: "0.1.0"
    archetype: policy
    path: "skills/house-site-design-figma/SKILL.md"
    health: "fresh"
    depends_on:
      - design-tokens-author@0.1.0
      - design-system-author@0.1.0
      - engineering-handoff-spec-author@0.1.0
      - component-states-matrix-author@0.1.0

  # ----- Hosting-platform overlays (Vercel + Cloudflare + Netlify) -----
  house-site-operate-vercel:
    version: "0.1.0"
    archetype: policy
    path: "skills/house-site-operate-vercel/SKILL.md"
    health: "fresh"
    depends_on:
      - runbook-author@0.1.1
      - launch-comms-author@0.1.0
      - optimization-loop-author@0.1.0
      - optimization-backlog-author@0.1.0
  house-site-operate-cloudflare:
    version: "0.1.0"
    archetype: policy
    path: "skills/house-site-operate-cloudflare/SKILL.md"
    health: "fresh"
    depends_on:
      - runbook-author@0.1.1
      - launch-comms-author@0.1.0
      - optimization-loop-author@0.1.0
      - optimization-backlog-author@0.1.0
  house-site-operate-netlify:
    version: "0.1.0"
    archetype: policy
    path: "skills/house-site-operate-netlify/SKILL.md"
    health: "fresh"
    depends_on:
      - runbook-author@0.1.1
      - launch-comms-author@0.1.0
      - optimization-loop-author@0.1.0
      - optimization-backlog-author@0.1.0
